
Microsoft Visual Studio Solution File, Format Version 12.00
# Visual Studio Version 17
VisualStudioVersion = 17.4.33110.190
MinimumVisualStudioVersion = 10.0.40219.1
Project("{FAE04EC0-301F-11D3-BF4B-00C04F79EFBC}") = "AspNetCoreIdentityApp.Web", "AspNetCoreIdentityApp.Web\AspNetCoreIdentityApp.Web.csproj", "{D7062F11-99F2-403E-942D-C2E87CC132A3}"
EndProject
Global
	GlobalSection(SolutionConfigurationPlatforms) = preSolution
		Debug|Any CPU = Debug|Any CPU
		Release|Any CPU = Release|Any CPU
	EndGlobalSection
	GlobalSection(ProjectConfigurationPlatforms) = postSolution
		{D7062F11-99F2-403E-942D-C2E87CC132A3}.Debug|Any CPU.ActiveCfg = Debug|Any CPU
		{D7062F11-99F2-403E-942D-C2E87CC132A3}.Debug|Any CPU.Build.0 = Debug|Any CPU
		{D7062F11-99F2-403E-942D-C2E87CC132A3}.Release|Any CPU.ActiveCfg = Release|Any CPU
		{D7062F11-99F2-403E-942D-C2E87CC132A3}.Release|Any CPU.Build.0 = Release|Any CPU
	EndGlobalSection
	GlobalSection(SolutionProperties) = preSolution
		HideSolutionNode = FALSE
	EndGlobalSection
	GlobalSection(ExtensibilityGlobals) = postSolution
		SolutionGuid = {DB3C6944-7A5F-415C-A68D-6BC70E702AF1}
	EndGlobalSection
EndGlobal
